
Microsoft Visual Studio Solution File, Format Version 12.00
# Visual Studio 15
VisualStudioVersion = 15.0.27130.2020
MinimumVisualStudioVersion = 10.0.40219.1
Project("{FAE04EC0-301F-11D3-BF4B-00C04F79EFBC}") = "IceKey Lib Ver.I", "IceKey Lib Ver.I\IceKey Lib Ver.I.csproj", "{2C2D1DD0-7500-4F4D-9987-391BBA37C626}"
EndProject
Global
	GlobalSection(SolutionConfigurationPlatforms) = preSolution
		Debug|Any CPU = Debug|Any CPU
		Release|Any CPU = Release|Any CPU
	EndGlobalSection
	GlobalSection(ProjectConfigurationPlatforms) = postSolution
		{2C2D1DD0-7500-4F4D-9987-391BBA37C626}.Debug|Any CPU.ActiveCfg = Debug|Any CPU
		{2C2D1DD0-7500-4F4D-9987-391BBA37C626}.Debug|Any CPU.Build.0 = Debug|Any CPU
		{2C2D1DD0-7500-4F4D-9987-391BBA37C626}.Release|Any CPU.ActiveCfg = Release|Any CPU
		{2C2D1DD0-7500-4F4D-9987-391BBA37C626}.Release|Any CPU.Build.0 = Release|Any CPU
	EndGlobalSection
	GlobalSection(SolutionProperties) = preSolution
		HideSolutionNode = FALSE
	EndGlobalSection
	GlobalSection(ExtensibilityGlobals) = postSolution
		SolutionGuid = {5C921548-CF56-4EAA-A5F3-A5BB35607D96}
	EndGlobalSection
EndGlobal
